# This file is autogenerated, do not edit; changes may be undone by the next 'dep ensure'.


[[projects]]
  branch = "master"
  name = "github.com/faiface/glhf"
  packages = ["."]
  revision = "98c0391c0fd3f0b365cfe5d467ac162b79dfb002"

[[projects]]
  branch = "master"
  name = "github.com/faiface/mainthread"
  packages = ["."]
  revision = "8b78f0a41ae388189090ac4506612659fa53082b"

[[projects]]
  name = "github.com/faiface/pixel"
  packages = [".","imdraw","pixelgl","text"]
  revision = "4b7553cd73d038f46306a2f6da7a55c5c00a4da3"
  version = "v0.6"

[[projects]]
  branch = "master"
  name = "github.com/go-gl/gl"
  packages = ["v3.3-core/gl"]
  revision = "ac0d3d2af0fe995e2bb09fa6619b716b0c0fc0fa"

[[projects]]
  branch = "master"
  name = "github.com/go-gl/glfw"
  packages = ["v3.2/glfw"]
  revision = "513e4f2bf85c31fba0fc4907abd7895242ccbe50"

[[projects]]
  branch = "master"
  name = "github.com/go-gl/mathgl"
  packages = ["mgl32","mgl64"]
  revision = "4c3fc6b4bf30179013667e5d0b926e024d9a13c1"

[[projects]]
  branch = "master"
  name = "github.com/golang/freetype"
  packages = ["raster","truetype"]
  revision = "e2365dfdc4a05e4b8299a783240d4a7d5a65d4e4"

[[projects]]
  name = "github.com/pkg/errors"
  packages = ["."]
  revision = "645ef00459ed84a119197bfb8d8205042c6df63d"
  version = "v0.8.0"

[[projects]]
  branch = "master"
  name = "github.com/pspaces/gospace"
  packages = ["protocol","shared","space"]
  revision = "0311981050a86d57e868203699e4be8fa22c71ab"

[[projects]]
  name = "github.com/rs/xid"
  packages = ["."]
  revision = "02dd45c33376f85d1064355dc790dcc4850596b1"
  version = "v1.1"

[[projects]]
  branch = "master"
  name = "golang.org/x/image"
  packages = ["colornames","font","font/basicfont","font/plan9font","math/f32","math/f64","math/fixed"]
  revision = "12117c17ca67ffa1ce22e9409f3b0b0a93ac08c7"

[[projects]]
  branch = "master"
  name = "golang.org/x/net"
  packages = ["html","html/atom"]
  revision = "5ccada7d0a7ba9aeb5d3aca8d3501b4c2a509fec"

[solve-meta]
  analyzer-name = "dep"
  analyzer-version = 1
  inputs-digest = "662e416f085fcd5e58e1f2488ea34b82424c5574c6aab4f1717d302d0dea7235"
  solver-name = "gps-cdcl"
  solver-version = 1
